
Microsoft Visual Studio Solution File, Format Version 12.00
# Visual Studio 15
VisualStudioVersion = 15.0.27924.0
MinimumVisualStudioVersion = 10.0.40219.1
Project("{FAE04EC0-301F-11D3-BF4B-00C04F79EFBC}") = "WorkflowEngine", "WorkflowEngine\WorkflowEngine.csproj", "{17DF5800-B1CF-4B8B-8CE2-9DFEA97DA01D}"
EndProject
Global
	GlobalSection(SolutionConfigurationPlatforms) = preSolution
		Debug|Any CPU = Debug|Any CPU
		Release|Any CPU = Release|Any CPU
	EndGlobalSection
	GlobalSection(ProjectConfigurationPlatforms) = postSolution
		{17DF5800-B1CF-4B8B-8CE2-9DFEA97DA01D}.Debug|Any CPU.ActiveCfg = Debug|Any CPU
		{17DF5800-B1CF-4B8B-8CE2-9DFEA97DA01D}.Debug|Any CPU.Build.0 = Debug|Any CPU
		{17DF5800-B1CF-4B8B-8CE2-9DFEA97DA01D}.Release|Any CPU.ActiveCfg = Release|Any CPU
		{17DF5800-B1CF-4B8B-8CE2-9DFEA97DA01D}.Release|Any CPU.Build.0 = Release|Any CPU
	EndGlobalSection
	GlobalSection(SolutionProperties) = preSolution
		HideSolutionNode = FALSE
	EndGlobalSection
	GlobalSection(ExtensibilityGlobals) = postSolution
		SolutionGuid = {D0B33325-CE2A-4907-A295-BDFFB7868B56}
	EndGlobalSection
EndGlobal
